// !$*UTF8*$!
{
	archiveVersion = 1;
	classes = {
	};
	objectVersion = 56;
	objects = {

/* Begin PBXBuildFile section */
		EF2328F92BA415C0000A5944 /* RaceViewControllerFactoryTests.swift in Sources */ = {isa = PBXBuildFile; fileRef = EF2328F82BA415C0000A5944 /* RaceViewControllerFactoryTests.swift */; };
		EF2328FB2BA41727000A5944 /* FilterViewControllerFactoryTests.swift in Sources */ = {isa = PBXBuildFile; fileRef = EF2328FA2BA41727000A5944 /* FilterViewControllerFactoryTests.swift */; };
		EF2329002BA417E4000A5944 /* AppRouterTests.swift in Sources */ = {isa = PBXBuildFile; fileRef = EF2328FF2BA417E4000A5944 /* AppRouterTests.swift */; };
		EF2329022BA41822000A5944 /* TestFilterViewControllerFactory.swift in Sources */ = {isa = PBXBuildFile; fileRef = EF2329012BA41822000A5944 /* TestFilterViewControllerFactory.swift */; };
		EF2329042BA41CD8000A5944 /* RaceHostingControllerTests.swift in Sources */ = {isa = PBXBuildFile; fileRef = EF2329032BA41CD8000A5944 /* RaceHostingControllerTests.swift */; };
		EF2329062BA41DAC000A5944 /* CountdownMapperTests.swift in Sources */ = {isa = PBXBuildFile; fileRef = EF2329052BA41DAC000A5944 /* CountdownMapperTests.swift */; };
		EF2329082BA41EAA000A5944 /* ViewStateTests.swift in Sources */ = {isa = PBXBuildFile; fileRef = EF2329072BA41EAA000A5944 /* ViewStateTests.swift */; };
		EF23290A2BA41F6B000A5944 /* RaceFilterTests.swift in Sources */ = {isa = PBXBuildFile; fileRef = EF2329092BA41F6B000A5944 /* RaceFilterTests.swift */; };
		EF23290C2BA421E8000A5944 /* APIRequestTests.swift in Sources */ = {isa = PBXBuildFile; fileRef = EF23290B2BA421E8000A5944 /* APIRequestTests.swift */; };
		EF2AD6BE2BA25D440055DF65 /* RaceItemViewModel.swift in Sources */ = {isa = PBXBuildFile; fileRef = EF2AD6BD2BA25D440055DF65 /* RaceItemViewModel.swift */; };
		EF2AD6C02BA25E480055DF65 /* RaceListView.swift in Sources */ = {isa = PBXBuildFile; fileRef = EF2AD6BF2BA25E480055DF65 /* RaceListView.swift */; };
		EF2AD6C22BA25E660055DF65 /* RaceListViewModel.swift in Sources */ = {isa = PBXBuildFile; fileRef = EF2AD6C12BA25E660055DF65 /* RaceListViewModel.swift */; };
		EF2AD6C42BA261E70055DF65 /* ViewState.swift in Sources */ = {isa = PBXBuildFile; fileRef = EF2AD6C32BA261E70055DF65 /* ViewState.swift */; };
		EF2AD6C62BA262A70055DF65 /* RaceScreen.swift in Sources */ = {isa = PBXBuildFile; fileRef = EF2AD6C52BA262A70055DF65 /* RaceScreen.swift */; };
		EF2AD6C92BA262EA0055DF65 /* RacePresenter.swift in Sources */ = {isa = PBXBuildFile; fileRef = EF2AD6C82BA262EA0055DF65 /* RacePresenter.swift */; };
		EF2AD6CB2BA266C60055DF65 /* ActionView.swift in Sources */ = {isa = PBXBuildFile; fileRef = EF2AD6CA2BA266C60055DF65 /* ActionView.swift */; };
		EF2AD6CD2BA266E80055DF65 /* ActionViewModel.swift in Sources */ = {isa = PBXBuildFile; fileRef = EF2AD6CC2BA266E80055DF65 /* ActionViewModel.swift */; };
		EF2AD6D02BA26C810055DF65 /* NetworkManager.swift in Sources */ = {isa = PBXBuildFile; fileRef = EF2AD6CF2BA26C810055DF65 /* NetworkManager.swift */; };
		EF2AD6D22BA26D2C0055DF65 /* APIRequest.swift in Sources */ = {isa = PBXBuildFile; fileRef = EF2AD6D12BA26D2C0055DF65 /* APIRequest.swift */; };
		EF2AD6D42BA26E110055DF65 /* ServerSession.swift in Sources */ = {isa = PBXBuildFile; fileRef = EF2AD6D32BA26E110055DF65 /* ServerSession.swift */; };
		EF2AD6D62BA26EB40055DF65 /* APIError.swift in Sources */ = {isa = PBXBuildFile; fileRef = EF2AD6D52BA26EB40055DF65 /* APIError.swift */; };
		EF2AD6D92BA2746E0055DF65 /* TestServerSession.swift in Sources */ = {isa = PBXBuildFile; fileRef = EF2AD6D82BA2746E0055DF65 /* TestServerSession.swift */; };
		EF2AD6DB2BA275750055DF65 /* NetworkManagerTests.swift in Sources */ = {isa = PBXBuildFile; fileRef = EF2AD6DA2BA275750055DF65 /* NetworkManagerTests.swift */; };
		EF2AD6DD2BA28A1F0055DF65 /* RaceResponse.swift in Sources */ = {isa = PBXBuildFile; fileRef = EF2AD6DC2BA28A1F0055DF65 /* RaceResponse.swift */; };
		EF2AD6DF2BA28F520055DF65 /* RaceResponseTests.swift in Sources */ = {isa = PBXBuildFile; fileRef = EF2AD6DE2BA28F520055DF65 /* RaceResponseTests.swift */; };
		EF2AD6E22BA296C10055DF65 /* RaceRespository.swift in Sources */ = {isa = PBXBuildFile; fileRef = EF2AD6E12BA296C10055DF65 /* RaceRespository.swift */; };
		EF2AD6E42BA2972D0055DF65 /* RaceFilter.swift in Sources */ = {isa = PBXBuildFile; fileRef = EF2AD6E32BA2972D0055DF65 /* RaceFilter.swift */; };
		EF2AD6E62BA29ABE0055DF65 /* RaceMapper.swift in Sources */ = {isa = PBXBuildFile; fileRef = EF2AD6E52BA29ABE0055DF65 /* RaceMapper.swift */; };
		EF2AD6E92BA2A0EB0055DF65 /* RaceMapperTests.swift in Sources */ = {isa = PBXBuildFile; fileRef = EF2AD6E82BA2A0EB0055DF65 /* RaceMapperTests.swift */; };
		EF2AD6EB2BA2A8AE0055DF65 /* TestRaceMapper.swift in Sources */ = {isa = PBXBuildFile; fileRef = EF2AD6EA2BA2A8AE0055DF65 /* TestRaceMapper.swift */; };
		EF2AD6ED2BA2AD680055DF65 /* RaceRespositoryTests.swift in Sources */ = {isa = PBXBuildFile; fileRef = EF2AD6EC2BA2AD680055DF65 /* RaceRespositoryTests.swift */; };
		EF2AD6EF2BA2AD930055DF65 /* TestNetworkManager.swift in Sources */ = {isa = PBXBuildFile; fileRef = EF2AD6EE2BA2AD930055DF65 /* TestNetworkManager.swift */; };
		EF2AD6F12BA2D0BE0055DF65 /* RaceViewControllerFactory.swift in Sources */ = {isa = PBXBuildFile; fileRef = EF2AD6F02BA2D0BE0055DF65 /* RaceViewControllerFactory.swift */; };
		EF2AD6F32BA2D3060055DF65 /* RaceHostingController.swift in Sources */ = {isa = PBXBuildFile; fileRef = EF2AD6F22BA2D3060055DF65 /* RaceHostingController.swift */; };
		EF2AD6F52BA2D3860055DF65 /* ViewControllerLifecycleDelegate.swift in Sources */ = {isa = PBXBuildFile; fileRef = EF2AD6F42BA2D3860055DF65 /* ViewControllerLifecycleDelegate.swift */; };
		EF2AD6F72BA3ADE50055DF65 /* TestRaceViewControllerFactory.swift in Sources */ = {isa = PBXBuildFile; fileRef = EF2AD6F62BA3ADE50055DF65 /* TestRaceViewControllerFactory.swift */; };
		EF6D98F12BA188C700C02262 /* LaunchScreen.storyboard in Resources */ = {isa = PBXBuildFile; fileRef = EF6D98F02BA188C700C02262 /* LaunchScreen.storyboard */; };
		EF77CB1C2BA9458600D9372A /* TaskFactoryTests.swift in Sources */ = {isa = PBXBuildFile; fileRef = EF77CB1B2BA9458600D9372A /* TaskFactoryTests.swift */; };
		EF7F52152BA3C92900B223EF /* FilterItemView.swift in Sources */ = {isa = PBXBuildFile; fileRef = EF7F52142BA3C92900B223EF /* FilterItemView.swift */; };
		EF7F52172BA3CBD600B223EF /* FilterItemViewModel.swift in Sources */ = {isa = PBXBuildFile; fileRef = EF7F52162BA3CBD600B223EF /* FilterItemViewModel.swift */; };
		EF7F52192BA3CC3000B223EF /* FilterListViewModel.swift in Sources */ = {isa = PBXBuildFile; fileRef = EF7F52182BA3CC3000B223EF /* FilterListViewModel.swift */; };
		EF7F521B2BA3CD9000B223EF /* FilterListView.swift in Sources */ = {isa = PBXBuildFile; fileRef = EF7F521A2BA3CD9000B223EF /* FilterListView.swift */; };
		EF7F521D2BA3CF2B00B223EF /* FilterScreen.swift in Sources */ = {isa = PBXBuildFile; fileRef = EF7F521C2BA3CF2B00B223EF /* FilterScreen.swift */; };
		EF7F521F2BA3CF5A00B223EF /* FilterPresenter.swift in Sources */ = {isa = PBXBuildFile; fileRef = EF7F521E2BA3CF5A00B223EF /* FilterPresenter.swift */; };
		EF7F52212BA3D78000B223EF /* FilterViewControllerFactory.swift in Sources */ = {isa = PBXBuildFile; fileRef = EF7F52202BA3D78000B223EF /* FilterViewControllerFactory.swift */; };
		EF7F52242BA3D8D200B223EF /* Routing.swift in Sources */ = {isa = PBXBuildFile; fileRef = EF7F52232BA3D8D200B223EF /* Routing.swift */; };
		EF7F52282BA3E54300B223EF /* TestAppRouter.swift in Sources */ = {isa = PBXBuildFile; fileRef = EF7F52272BA3E54300B223EF /* TestAppRouter.swift */; };
		EF7F522A2BA3EB8C00B223EF /* FilterAppliedActionDelegate.swift in Sources */ = {isa = PBXBuildFile; fileRef = EF7F52292BA3EB8C00B223EF /* FilterAppliedActionDelegate.swift */; };
		EF7F522C2BA3F9BF00B223EF /* CountdownMapper.swift in Sources */ = {isa = PBXBuildFile; fileRef = EF7F522B2BA3F9BF00B223EF /* CountdownMapper.swift */; };
		EF96781B2BA42B6E00C5B5DC /* FilterPresenterTests.swift in Sources */ = {isa = PBXBuildFile; fileRef = EF96781A2BA42B6E00C5B5DC /* FilterPresenterTests.swift */; };
		EF96781D2BA430DD00C5B5DC /* RacePresenterTests.swift in Sources */ = {isa = PBXBuildFile; fileRef = EF96781C2BA430DD00C5B5DC /* RacePresenterTests.swift */; };
		EF96781F2BA4313700C5B5DC /* TestRaceRespository.swift in Sources */ = {isa = PBXBuildFile; fileRef = EF96781E2BA4313700C5B5DC /* TestRaceRespository.swift */; };
		EF9678232BA5098800C5B5DC /* TaskFactory.swift in Sources */ = {isa = PBXBuildFile; fileRef = EF9678222BA5098800C5B5DC /* TaskFactory.swift */; };
		EF9678252BA50CFE00C5B5DC /* TestTaskFactory.swift in Sources */ = {isa = PBXBuildFile; fileRef = EF9678242BA50CFE00C5B5DC /* TestTaskFactory.swift */; };
		EF9678282BA6555700C5B5DC /* AppRouter.swift in Sources */ = {isa = PBXBuildFile; fileRef = EF9678272BA6555700C5B5DC /* AppRouter.swift */; };
		EFAAAD2F2BA1B011004A079C /* AppDependenciesFactoryProtocol.swift in Sources */ = {isa = PBXBuildFile; fileRef = EFAAAD2E2BA1B011004A079C /* AppDependenciesFactoryProtocol.swift */; };
		EFAAAD312BA1B048004A079C /* AppDependencies.swift in Sources */ = {isa = PBXBuildFile; fileRef = EFAAAD302BA1B048004A079C /* AppDependencies.swift */; };
		EFAAAD342BA1BCA5004A079C /* NavigationControllerProtocol.swift in Sources */ = {isa = PBXBuildFile; fileRef = EFAAAD332BA1BCA5004A079C /* NavigationControllerProtocol.swift */; };
		EFAAAD362BA1BD39004A079C /* NavigationControllerFactory.swift in Sources */ = {isa = PBXBuildFile; fileRef = EFAAAD352BA1BD39004A079C /* NavigationControllerFactory.swift */; };
		EFAAAD392BA24F0B004A079C /* AppConfiguration.swift in Sources */ = {isa = PBXBuildFile; fileRef = EFAAAD382BA24F0B004A079C /* AppConfiguration.swift */; };
		EFAAAD3B2BA24F42004A079C /* AppDependenciesProtocol.swift in Sources */ = {isa = PBXBuildFile; fileRef = EFAAAD3A2BA24F42004A079C /* AppDependenciesProtocol.swift */; };
		EFAAAD3D2BA25030004A079C /* DefaultAppDependenciesFactory.swift in Sources */ = {isa = PBXBuildFile; fileRef = EFAAAD3C2BA25030004A079C /* DefaultAppDependenciesFactory.swift */; };
		EFAAAD422BA252B8004A079C /* AppDependenciesTests.swift in Sources */ = {isa = PBXBuildFile; fileRef = EFAAAD412BA252B8004A079C /* AppDependenciesTests.swift */; };
		EFAAAD452BA25353004A079C /* TestNavigationController.swift in Sources */ = {isa = PBXBuildFile; fileRef = EFAAAD442BA25353004A079C /* TestNavigationController.swift */; };
		EFAAAD472BA25472004A079C /* DefaultAppDependenciesFactoryTests.swift in Sources */ = {isa = PBXBuildFile; fileRef = EFAAAD462BA25472004A079C /* DefaultAppDependenciesFactoryTests.swift */; };
		EFAAAD492BA25670004A079C /* TestNavigationControllerFactory.swift in Sources */ = {isa = PBXBuildFile; fileRef = EFAAAD482BA25670004A079C /* TestNavigationControllerFactory.swift */; };
		EFAAAD4B2BA25735004A079C /* NavigationControllerFactoryTests.swift in Sources */ = {isa = PBXBuildFile; fileRef = EFAAAD4A2BA25735004A079C /* NavigationControllerFactoryTests.swift */; };
		EFAAAD4E2BA258AB004A079C /* RaceItemView.swift in Sources */ = {isa = PBXBuildFile; fileRef = EFAAAD4D2BA258AB004A079C /* RaceItemView.swift */; };
		EFAAAD502BA25949004A079C /* Font+System.swift in Sources */ = {isa = PBXBuildFile; fileRef = EFAAAD4F2BA25949004A079C /* Font+System.swift */; };
		EFABA60A2BA179E900CA5C13 /* Assets.xcassets in Resources */ = {isa = PBXBuildFile; fileRef = EFABA6092BA179E900CA5C13 /* Assets.xcassets */; };
		EFABA60E2BA179E900CA5C13 /* Preview Assets.xcassets in Resources */ = {isa = PBXBuildFile; fileRef = EFABA60D2BA179E900CA5C13 /* Preview Assets.xcassets */; };
		EFABA6322BA17CB400CA5C13 /* AppDelegate.swift in Sources */ = {isa = PBXBuildFile; fileRef = EFABA6312BA17CB400CA5C13 /* AppDelegate.swift */; };
		EFF3C99E2BAA64BD00939018 /* AssertSnapshot.swift in Sources */ = {isa = PBXBuildFile; fileRef = EFF3C99D2BAA64BD00939018 /* AssertSnapshot.swift */; };
		EFF3C9A12BAA77DC00939018 /* InlineSnapshotTesting in Frameworks */ = {isa = PBXBuildFile; productRef = EFF3C9A02BAA77DC00939018 /* InlineSnapshotTesting */; };
		EFF3C9A32BAA77DC00939018 /* SnapshotTesting in Frameworks */ = {isa = PBXBuildFile; productRef = EFF3C9A22BAA77DC00939018 /* SnapshotTesting */; };
		EFF3C9A72BAA91D400939018 /* ActionViewSnapshotTests.swift in Sources */ = {isa = PBXBuildFile; fileRef = EFF3C9A52BAA91D400939018 /* ActionViewSnapshotTests.swift */; };
		EFF3C9A92BAA91EB00939018 /* FilterItemViewTests.swift in Sources */ = {isa = PBXBuildFile; fileRef = EFF3C9A82BAA91EB00939018 /* FilterItemViewTests.swift */; };
		EFF3C9AB2BAA92B200939018 /* FilterListViewTests.swift in Sources */ = {isa = PBXBuildFile; fileRef = EFF3C9AA2BAA92B200939018 /* FilterListViewTests.swift */; };
		EFF3C9AD2BAA934E00939018 /* RaceItemViewTests.swift in Sources */ = {isa = PBXBuildFile; fileRef = EFF3C9AC2BAA934E00939018 /* RaceItemViewTests.swift */; };
		EFF3C9AF2BAA942A00939018 /* RaceListViewTests.swift in Sources */ = {isa = PBXBuildFile; fileRef = EFF3C9AE2BAA942A00939018 /* RaceListViewTests.swift */; };
		EFF3C9B12BAA94EF00939018 /* FilterScreenTests.swift in Sources */ = {isa = PBXBuildFile; fileRef = EFF3C9B02BAA94EF00939018 /* FilterScreenTests.swift */; };
		EFF3C9B32BAA965600939018 /* RaceScreenTests.swift in Sources */ = {isa = PBXBuildFile; fileRef = EFF3C9B22BAA965600939018 /* RaceScreenTests.swift */; };
/* End PBXBuildFile section */

/* Begin PBXContainerItemProxy section */
		EFABA6142BA179E900CA5C13 /* PBXContainerItemProxy */ = {
			isa = PBXContainerItemProxy;
			containerPortal = EFABA5FA2BA179E800CA5C13 /* Project object */;
			proxyType = 1;
			remoteGlobalIDString = EFABA6012BA179E800CA5C13;
			remoteInfo = NextToGo;
		};
		EFF3C9912BA9949800939018 /* PBXContainerItemProxy */ = {
			isa = PBXContainerItemProxy;
			containerPortal = EFABA5FA2BA179E800CA5C13 /* Project object */;
			proxyType = 1;
			remoteGlobalIDString = EFABA6012BA179E800CA5C13;
			remoteInfo = NextToGo;
		};
/* End PBXContainerItemProxy section */

/* Begin PBXFileReference section */
		EF2328F82BA415C0000A5944 /* RaceViewControllerFactoryTests.swift */ = {isa = PBXFileReference; lastKnownFileType = sourcecode.swift; path = RaceViewControllerFactoryTests.swift; sourceTree = "<group>"; };
		EF2328FA2BA41727000A5944 /* FilterViewControllerFactoryTests.swift */ = {isa = PBXFileReference; lastKnownFileType = sourcecode.swift; path = FilterViewControllerFactoryTests.swift; sourceTree = "<group>"; };
		EF2328FF2BA417E4000A5944 /* AppRouterTests.swift */ = {isa = PBXFileReference; lastKnownFileType = sourcecode.swift; path = AppRouterTests.swift; sourceTree = "<group>"; };
		EF2329012BA41822000A5944 /* TestFilterViewControllerFactory.swift */ = {isa = PBXFileReference; lastKnownFileType = sourcecode.swift; path = TestFilterViewControllerFactory.swift; sourceTree = "<group>"; };
		EF2329032BA41CD8000A5944 /* RaceHostingControllerTests.swift */ = {isa = PBXFileReference; lastKnownFileType = sourcecode.swift; path = RaceHostingControllerTests.swift; sourceTree = "<group>"; };
		EF2329052BA41DAC000A5944 /* CountdownMapperTests.swift */ = {isa = PBXFileReference; lastKnownFileType = sourcecode.swift; path = CountdownMapperTests.swift; sourceTree = "<group>"; };
		EF2329072BA41EAA000A5944 /* ViewStateTests.swift */ = {isa = PBXFileReference; lastKnownFileType = sourcecode.swift; path = ViewStateTests.swift; sourceTree = "<group>"; };
		EF2329092BA41F6B000A5944 /* RaceFilterTests.swift */ = {isa = PBXFileReference; lastKnownFileType = sourcecode.swift; path = RaceFilterTests.swift; sourceTree = "<group>"; };
		EF23290B2BA421E8000A5944 /* APIRequestTests.swift */ = {isa = PBXFileReference; lastKnownFileType = sourcecode.swift; path = APIRequestTests.swift; sourceTree = "<group>"; };
		EF2AD6BD2BA25D440055DF65 /* RaceItemViewModel.swift */ = {isa = PBXFileReference; lastKnownFileType = sourcecode.swift; path = RaceItemViewModel.swift; sourceTree = "<group>"; };
		EF2AD6BF2BA25E480055DF65 /* RaceListView.swift */ = {isa = PBXFileReference; lastKnownFileType = sourcecode.swift; path = RaceListView.swift; sourceTree = "<group>"; };
		EF2AD6C12BA25E660055DF65 /* RaceListViewModel.swift */ = {isa = PBXFileReference; lastKnownFileType = sourcecode.swift; path = RaceListViewModel.swift; sourceTree = "<group>"; };
		EF2AD6C32BA261E70055DF65 /* ViewState.swift */ = {isa = PBXFileReference; lastKnownFileType = sourcecode.swift; path = ViewState.swift; sourceTree = "<group>"; };
		EF2AD6C52BA262A70055DF65 /* RaceScreen.swift */ = {isa = PBXFileReference; lastKnownFileType = sourcecode.swift; path = RaceScreen.swift; sourceTree = "<group>"; };
		EF2AD6C82BA262EA0055DF65 /* RacePresenter.swift */ = {isa = PBXFileReference; lastKnownFileType = sourcecode.swift; path = RacePresenter.swift; sourceTree = "<group>"; };
		EF2AD6CA2BA266C60055DF65 /* ActionView.swift */ = {isa = PBXFileReference; lastKnownFileType = sourcecode.swift; path = ActionView.swift; sourceTree = "<group>"; };
		EF2AD6CC2BA266E80055DF65 /* ActionViewModel.swift */ = {isa = PBXFileReference; lastKnownFileType = sourcecode.swift; path = ActionViewModel.swift; sourceTree = "<group>"; };
		EF2AD6CF2BA26C810055DF65 /* NetworkManager.swift */ = {isa = PBXFileReference; lastKnownFileType = sourcecode.swift; path = NetworkManager.swift; sourceTree = "<group>"; };
		EF2AD6D12BA26D2C0055DF65 /* APIRequest.swift */ = {isa = PBXFileReference; lastKnownFileType = sourcecode.swift; path = APIRequest.swift; sourceTree = "<group>"; };
		EF2AD6D32BA26E110055DF65 /* ServerSession.swift */ = {isa = PBXFileReference; lastKnownFileType = sourcecode.swift; path = ServerSession.swift; sourceTree = "<group>"; };
		EF2AD6D52BA26EB40055DF65 /* APIError.swift */ = {isa = PBXFileReference; lastKnownFileType = sourcecode.swift; path = APIError.swift; sourceTree = "<group>"; };
		EF2AD6D82BA2746E0055DF65 /* TestServerSession.swift */ = {isa = PBXFileReference; lastKnownFileType = sourcecode.swift; path = TestServerSession.swift; sourceTree = "<group>"; };
		EF2AD6DA2BA275750055DF65 /* NetworkManagerTests.swift */ = {isa = PBXFileReference; lastKnownFileType = sourcecode.swift; path = NetworkManagerTests.swift; sourceTree = "<group>"; };
		EF2AD6DC2BA28A1F0055DF65 /* RaceResponse.swift */ = {isa = PBXFileReference; lastKnownFileType = sourcecode.swift; path = RaceResponse.swift; sourceTree = "<group>"; };
		EF2AD6DE2BA28F520055DF65 /* RaceResponseTests.swift */ = {isa = PBXFileReference; lastKnownFileType = sourcecode.swift; path = RaceResponseTests.swift; sourceTree = "<group>"; };
		EF2AD6E12BA296C10055DF65 /* RaceRespository.swift */ = {isa = PBXFileReference; lastKnownFileType = sourcecode.swift; path = RaceRespository.swift; sourceTree = "<group>"; };
		EF2AD6E32BA2972D0055DF65 /* RaceFilter.swift */ = {isa = PBXFileReference; lastKnownFileType = sourcecode.swift; path = RaceFilter.swift; sourceTree = "<group>"; };
		EF2AD6E52BA29ABE0055DF65 /* RaceMapper.swift */ = {isa = PBXFileReference; lastKnownFileType = sourcecode.swift; path = RaceMapper.swift; sourceTree = "<group>"; };
		EF2AD6E82BA2A0EB0055DF65 /* RaceMapperTests.swift */ = {isa = PBXFileReference; lastKnownFileType = sourcecode.swift; path = RaceMapperTests.swift; sourceTree = "<group>"; };
		EF2AD6EA2BA2A8AE0055DF65 /* TestRaceMapper.swift */ = {isa = PBXFileReference; lastKnownFileType = sourcecode.swift; path = TestRaceMapper.swift; sourceTree = "<group>"; };
		EF2AD6EC2BA2AD680055DF65 /* RaceRespositoryTests.swift */ = {isa = PBXFileReference; lastKnownFileType = sourcecode.swift; path = RaceRespositoryTests.swift; sourceTree = "<group>"; };
		EF2AD6EE2BA2AD930055DF65 /* TestNetworkManager.swift */ = {isa = PBXFileReference; lastKnownFileType = sourcecode.swift; path = TestNetworkManager.swift; sourceTree = "<group>"; };
		EF2AD6F02BA2D0BE0055DF65 /* RaceViewControllerFactory.swift */ = {isa = PBXFileReference; lastKnownFileType = sourcecode.swift; path = RaceViewControllerFactory.swift; sourceTree = "<group>"; };
		EF2AD6F22BA2D3060055DF65 /* RaceHostingController.swift */ = {isa = PBXFileReference; lastKnownFileType = sourcecode.swift; path = RaceHostingController.swift; sourceTree = "<group>"; };
		EF2AD6F42BA2D3860055DF65 /* ViewControllerLifecycleDelegate.swift */ = {isa = PBXFileReference; lastKnownFileType = sourcecode.swift; path = ViewControllerLifecycleDelegate.swift; sourceTree = "<group>"; };
		EF2AD6F62BA3ADE50055DF65 /* TestRaceViewControllerFactory.swift */ = {isa = PBXFileReference; lastKnownFileType = sourcecode.swift; path = TestRaceViewControllerFactory.swift; sourceTree = "<group>"; };
		EF6D98F02BA188C700C02262 /* LaunchScreen.storyboard */ = {isa = PBXFileReference; lastKnownFileType = file.storyboard; path = LaunchScreen.storyboard; sourceTree = "<group>"; };
		EF77CB1B2BA9458600D9372A /* TaskFactoryTests.swift */ = {isa = PBXFileReference; lastKnownFileType = sourcecode.swift; path = TaskFactoryTests.swift; sourceTree = "<group>"; };
		EF7F52142BA3C92900B223EF /* FilterItemView.swift */ = {isa = PBXFileReference; lastKnownFileType = sourcecode.swift; path = FilterItemView.swift; sourceTree = "<group>"; };
		EF7F52162BA3CBD600B223EF /* FilterItemViewModel.swift */ = {isa = PBXFileReference; lastKnownFileType = sourcecode.swift; path = FilterItemViewModel.swift; sourceTree = "<group>"; };
		EF7F52182BA3CC3000B223EF /* FilterListViewModel.swift */ = {isa = PBXFileReference; lastKnownFileType = sourcecode.swift; path = FilterListViewModel.swift; sourceTree = "<group>"; };
		EF7F521A2BA3CD9000B223EF /* FilterListView.swift */ = {isa = PBXFileReference; lastKnownFileType = sourcecode.swift; path = FilterListView.swift; sourceTree = "<group>"; };
		EF7F521C2BA3CF2B00B223EF /* FilterScreen.swift */ = {isa = PBXFileReference; lastKnownFileType = sourcecode.swift; path = FilterScreen.swift; sourceTree = "<group>"; };
		EF7F521E2BA3CF5A00B223EF /* FilterPresenter.swift */ = {isa = PBXFileReference; lastKnownFileType = sourcecode.swift; path = FilterPresenter.swift; sourceTree = "<group>"; };
		EF7F52202BA3D78000B223EF /* FilterViewControllerFactory.swift */ = {isa = PBXFileReference; lastKnownFileType = sourcecode.swift; path = FilterViewControllerFactory.swift; sourceTree = "<group>"; };
		EF7F52232BA3D8D200B223EF /* Routing.swift */ = {isa = PBXFileReference; lastKnownFileType = sourcecode.swift; path = Routing.swift; sourceTree = "<group>"; };
		EF7F52272BA3E54300B223EF /* TestAppRouter.swift */ = {isa = PBXFileReference; lastKnownFileType = sourcecode.swift; path = TestAppRouter.swift; sourceTree = "<group>"; };
		EF7F52292BA3EB8C00B223EF /* FilterAppliedActionDelegate.swift */ = {isa = PBXFileReference; lastKnownFileType = sourcecode.swift; path = FilterAppliedActionDelegate.swift; sourceTree = "<group>"; };
		EF7F522B2BA3F9BF00B223EF /* CountdownMapper.swift */ = {isa = PBXFileReference; lastKnownFileType = sourcecode.swift; path = CountdownMapper.swift; sourceTree = "<group>"; };
		EF96781A2BA42B6E00C5B5DC /* FilterPresenterTests.swift */ = {isa = PBXFileReference; lastKnownFileType = sourcecode.swift; path = FilterPresenterTests.swift; sourceTree = "<group>"; };
		EF96781C2BA430DD00C5B5DC /* RacePresenterTests.swift */ = {isa = PBXFileReference; lastKnownFileType = sourcecode.swift; path = RacePresenterTests.swift; sourceTree = "<group>"; };
		EF96781E2BA4313700C5B5DC /* TestRaceRespository.swift */ = {isa = PBXFileReference; lastKnownFileType = sourcecode.swift; path = TestRaceRespository.swift; sourceTree = "<group>"; };
		EF9678222BA5098800C5B5DC /* TaskFactory.swift */ = {isa = PBXFileReference; fileEncoding = 4; lastKnownFileType = sourcecode.swift; path = TaskFactory.swift; sourceTree = "<group>"; };
		EF9678242BA50CFE00C5B5DC /* TestTaskFactory.swift */ = {isa = PBXFileReference; lastKnownFileType = sourcecode.swift; path = TestTaskFactory.swift; sourceTree = "<group>"; };
		EF9678272BA6555700C5B5DC /* AppRouter.swift */ = {isa = PBXFileReference; lastKnownFileType = sourcecode.swift; path = AppRouter.swift; sourceTree = "<group>"; };
		EFAAAD2C2BA1AF5D004A079C /* DefaultConfiguration.xcconfig */ = {isa = PBXFileReference; lastKnownFileType = text.xcconfig; path = DefaultConfiguration.xcconfig; sourceTree = "<group>"; };
		EFAAAD2E2BA1B011004A079C /* AppDependenciesFactoryProtocol.swift */ = {isa = PBXFileReference; lastKnownFileType = sourcecode.swift; path = AppDependenciesFactoryProtocol.swift; sourceTree = "<group>"; };
		EFAAAD302BA1B048004A079C /* AppDependencies.swift */ = {isa = PBXFileReference; lastKnownFileType = sourcecode.swift; path = AppDependencies.swift; sourceTree = "<group>"; };
		EFAAAD332BA1BCA5004A079C /* NavigationControllerProtocol.swift */ = {isa = PBXFileReference; lastKnownFileType = sourcecode.swift; path = NavigationControllerProtocol.swift; sourceTree = "<group>"; };
		EFAAAD352BA1BD39004A079C /* NavigationControllerFactory.swift */ = {isa = PBXFileReference; lastKnownFileType = sourcecode.swift; path = NavigationControllerFactory.swift; sourceTree = "<group>"; };
		EFAAAD382BA24F0B004A079C /* AppConfiguration.swift */ = {isa = PBXFileReference; lastKnownFileType = sourcecode.swift; path = AppConfiguration.swift; sourceTree = "<group>"; };
		EFAAAD3A2BA24F42004A079C /* AppDependenciesProtocol.swift */ = {isa = PBXFileReference; lastKnownFileType = sourcecode.swift; path = AppDependenciesProtocol.swift; sourceTree = "<group>"; };
		EFAAAD3C2BA25030004A079C /* DefaultAppDependenciesFactory.swift */ = {isa = PBXFileReference; lastKnownFileType = sourcecode.swift; path = DefaultAppDependenciesFactory.swift; sourceTree = "<group>"; };
		EFAAAD412BA252B8004A079C /* AppDependenciesTests.swift */ = {isa = PBXFileReference; lastKnownFileType = sourcecode.swift; path = AppDependenciesTests.swift; sourceTree = "<group>"; };
		EFAAAD442BA25353004A079C /* TestNavigationController.swift */ = {isa = PBXFileReference; lastKnownFileType = sourcecode.swift; path = TestNavigationController.swift; sourceTree = "<group>"; };
		EFAAAD462BA25472004A079C /* DefaultAppDependenciesFactoryTests.swift */ = {isa = PBXFileReference; lastKnownFileType = sourcecode.swift; path = DefaultAppDependenciesFactoryTests.swift; sourceTree = "<group>"; };
		EFAAAD482BA25670004A079C /* TestNavigationControllerFactory.swift */ = {isa = PBXFileReference; lastKnownFileType = sourcecode.swift; path = TestNavigationControllerFactory.swift; sourceTree = "<group>"; };
		EFAAAD4A2BA25735004A079C /* NavigationControllerFactoryTests.swift */ = {isa = PBXFileReference; lastKnownFileType = sourcecode.swift; path = NavigationControllerFactoryTests.swift; sourceTree = "<group>"; };
		EFAAAD4D2BA258AB004A079C /* RaceItemView.swift */ = {isa = PBXFileReference; lastKnownFileType = sourcecode.swift; path = RaceItemView.swift; sourceTree = "<group>"; };
		EFAAAD4F2BA25949004A079C /* Font+System.swift */ = {isa = PBXFileReference; lastKnownFileType = sourcecode.swift; path = "Font+System.swift"; sourceTree = "<group>"; };
		EFABA6022BA179E800CA5C13 /* NextToGo.app */ = {isa = PBXFileReference; explicitFileType = wrapper.application; includeInIndex = 0; path = NextToGo.app; sourceTree = BUILT_PRODUCTS_DIR; };
		EFABA6092BA179E900CA5C13 /* Assets.xcassets */ = {isa = PBXFileReference; lastKnownFileType = folder.assetcatalog; path = Assets.xcassets; sourceTree = "<group>"; };
		EFABA60B2BA179E900CA5C13 /* NextToGo.entitlements */ = {isa = PBXFileReference; lastKnownFileType = text.plist.entitlements; path = NextToGo.entitlements; sourceTree = "<group>"; };
		EFABA60D2BA179E900CA5C13 /* Preview Assets.xcassets */ = {isa = PBXFileReference; lastKnownFileType = folder.assetcatalog; path = "Preview Assets.xcassets"; sourceTree = "<group>"; };
		EFABA6132BA179E900CA5C13 /* NextToGoTests.xctest */ = {isa = PBXFileReference; explicitFileType = wrapper.cfbundle; includeInIndex = 0; path = NextToGoTests.xctest; sourceTree = BUILT_PRODUCTS_DIR; };
		EFABA6312BA17CB400CA5C13 /* AppDelegate.swift */ = {isa = PBXFileReference; lastKnownFileType = sourcecode.swift; path = AppDelegate.swift; sourceTree = "<group>"; };
		EFE9BF562BA90D3300768695 /* UnitTests.xctestplan */ = {isa = PBXFileReference; lastKnownFileType = text; path = UnitTests.xctestplan; sourceTree = "<group>"; };
		EFF3C98D2BA9949800939018 /* NextToGoSnapshotTests.xctest */ = {isa = PBXFileReference; explicitFileType = wrapper.cfbundle; includeInIndex = 0; path = NextToGoSnapshotTests.xctest; sourceTree = BUILT_PRODUCTS_DIR; };
		EFF3C9962BA994FF00939018 /* SnapshotTests.xctestplan */ = {isa = PBXFileReference; lastKnownFileType = text; path = SnapshotTests.xctestplan; sourceTree = "<group>"; };
		EFF3C99D2BAA64BD00939018 /* AssertSnapshot.swift */ = {isa = PBXFileReference; lastKnownFileType = sourcecode.swift; path = AssertSnapshot.swift; sourceTree = "<group>"; };
		EFF3C9A52BAA91D400939018 /* ActionViewSnapshotTests.swift */ = {isa = PBXFileReference; fileEncoding = 4; lastKnownFileType = sourcecode.swift; path = ActionViewSnapshotTests.swift; sourceTree = "<group>"; };
		EFF3C9A82BAA91EB00939018 /* FilterItemViewTests.swift */ = {isa = PBXFileReference; lastKnownFileType = sourcecode.swift; path = FilterItemViewTests.swift; sourceTree = "<group>"; };
		EFF3C9AA2BAA92B200939018 /* FilterListViewTests.swift */ = {isa = PBXFileReference; lastKnownFileType = sourcecode.swift; path = FilterListViewTests.swift; sourceTree = "<group>"; };
		EFF3C9AC2BAA934E00939018 /* RaceItemViewTests.swift */ = {isa = PBXFileReference; lastKnownFileType = sourcecode.swift; path = RaceItemViewTests.swift; sourceTree = "<group>"; };
		EFF3C9AE2BAA942A00939018 /* RaceListViewTests.swift */ = {isa = PBXFileReference; lastKnownFileType = sourcecode.swift; path = RaceListViewTests.swift; sourceTree = "<group>"; };
		EFF3C9B02BAA94EF00939018 /* FilterScreenTests.swift */ = {isa = PBXFileReference; lastKnownFileType = sourcecode.swift; path = FilterScreenTests.swift; sourceTree = "<group>"; };
		EFF3C9B22BAA965600939018 /* RaceScreenTests.swift */ = {isa = PBXFileReference; lastKnownFileType = sourcecode.swift; path = RaceScreenTests.swift; sourceTree = "<group>"; };
/* End PBXFileReference section */

/* Begin PBXFrameworksBuildPhase section */
		EFABA5FF2BA179E800CA5C13 /* Frameworks */ = {
			isa = PBXFrameworksBuildPhase;
			buildActionMask = 2147483647;
			files = (
			);
			runOnlyForDeploymentPostprocessing = 0;
		};
		EFABA6102BA179E900CA5C13 /* Frameworks */ = {
			isa = PBXFrameworksBuildPhase;
			buildActionMask = 2147483647;
			files = (
			);
			runOnlyForDeploymentPostprocessing = 0;
		};
		EFF3C98A2BA9949800939018 /* Frameworks */ = {
			isa = PBXFrameworksBuildPhase;
			buildActionMask = 2147483647;
			files = (
				EFF3C9A12BAA77DC00939018 /* InlineSnapshotTesting in Frameworks */,
				EFF3C9A32BAA77DC00939018 /* SnapshotTesting in Frameworks */,
			);
			runOnlyForDeploymentPostprocessing = 0;
		};
/* End PBXFrameworksBuildPhase section */

/* Begin PBXGroup section */
		EF2328F72BA415A2000A5944 /* Views */ = {
			isa = PBXGroup;
			children = (
				EF2328F82BA415C0000A5944 /* RaceViewControllerFactoryTests.swift */,
				EF2328FA2BA41727000A5944 /* FilterViewControllerFactoryTests.swift */,
				EF2329032BA41CD8000A5944 /* RaceHostingControllerTests.swift */,
				EF2329052BA41DAC000A5944 /* CountdownMapperTests.swift */,
			);
			path = Views;
			sourceTree = "<group>";
		};
		EF2328FE2BA417D7000A5944 /* Routing */ = {
			isa = PBXGroup;
			children = (
				EF2328FF2BA417E4000A5944 /* AppRouterTests.swift */,
			);
			path = Routing;
			sourceTree = "<group>";
		};
		EF2AD6C72BA262D40055DF65 /* Presenter */ = {
			isa = PBXGroup;
			children = (
				EF2AD6C82BA262EA0055DF65 /* RacePresenter.swift */,
				EF7F521E2BA3CF5A00B223EF /* FilterPresenter.swift */,
				EF2AD6F42BA2D3860055DF65 /* ViewControllerLifecycleDelegate.swift */,
				EF7F52292BA3EB8C00B223EF /* FilterAppliedActionDelegate.swift */,
				EF9678222BA5098800C5B5DC /* TaskFactory.swift */,
			);
			path = Presenter;
			sourceTree = "<group>";
		};
		EF2AD6CE2BA26BE60055DF65 /* Networking */ = {
			isa = PBXGroup;
			children = (
				EF2AD6CF2BA26C810055DF65 /* NetworkManager.swift */,
				EF2AD6D12BA26D2C0055DF65 /* APIRequest.swift */,
				EF2AD6D32BA26E110055DF65 /* ServerSession.swift */,
				EF2AD6D52BA26EB40055DF65 /* APIError.swift */,
			);
			path = Networking;
			sourceTree = "<group>";
		};
		EF2AD6D72BA273EB0055DF65 /* Networking */ = {
			isa = PBXGroup;
			children = (
				EF2AD6DA2BA275750055DF65 /* NetworkManagerTests.swift */,
				EF23290B2BA421E8000A5944 /* APIRequestTests.swift */,
			);
			path = Networking;
			sourceTree = "<group>";
		};
		EF2AD6E02BA296890055DF65 /* Repository */ = {
			isa = PBXGroup;
			children = (
				EF2AD6E12BA296C10055DF65 /* RaceRespository.swift */,
				EF2AD6E52BA29ABE0055DF65 /* RaceMapper.swift */,
			);
			path = Repository;
			sourceTree = "<group>";
		};
		EF2AD6E72BA2A0D10055DF65 /* Repository */ = {
			isa = PBXGroup;
			children = (
				EF2AD6E82BA2A0EB0055DF65 /* RaceMapperTests.swift */,
				EF2AD6EC2BA2AD680055DF65 /* RaceRespositoryTests.swift */,
			);
			path = Repository;
			sourceTree = "<group>";
		};
		EF7F52222BA3D8B100B223EF /* Routing */ = {
			isa = PBXGroup;
			children = (
				EF7F52232BA3D8D200B223EF /* Routing.swift */,
			);
			path = Routing;
			sourceTree = "<group>";
		};
		EF9678192BA42B3A00C5B5DC /* Presenter */ = {
			isa = PBXGroup;
			children = (
				EF96781A2BA42B6E00C5B5DC /* FilterPresenterTests.swift */,
				EF96781C2BA430DD00C5B5DC /* RacePresenterTests.swift */,
				EF77CB1B2BA9458600D9372A /* TaskFactoryTests.swift */,
			);
			path = Presenter;
			sourceTree = "<group>";
		};
		EF9678262BA6551C00C5B5DC /* Router */ = {
			isa = PBXGroup;
			children = (
				EF9678272BA6555700C5B5DC /* AppRouter.swift */,
			);
			path = Router;
			sourceTree = "<group>";
		};
		EFAAAD2B2BA1AF45004A079C /* Configurations */ = {
			isa = PBXGroup;
			children = (
				EFAAAD2C2BA1AF5D004A079C /* DefaultConfiguration.xcconfig */,
			);
			path = Configurations;
			sourceTree = "<group>";
		};
		EFAAAD2D2BA1AFE2004A079C /* AppDependencies */ = {
			isa = PBXGroup;
			children = (
				EFAAAD2E2BA1B011004A079C /* AppDependenciesFactoryProtocol.swift */,
				EFAAAD3A2BA24F42004A079C /* AppDependenciesProtocol.swift */,
				EFAAAD302BA1B048004A079C /* AppDependencies.swift */,
				EFAAAD3C2BA25030004A079C /* DefaultAppDependenciesFactory.swift */,
			);
			path = AppDependencies;
			sourceTree = "<group>";
		};
		EFAAAD322BA1BC40004A079C /* Navigation */ = {
			isa = PBXGroup;
			children = (
				EFAAAD332BA1BCA5004A079C /* NavigationControllerProtocol.swift */,
				EFAAAD352BA1BD39004A079C /* NavigationControllerFactory.swift */,
			);
			path = Navigation;
			sourceTree = "<group>";
		};
		EFAAAD372BA24EF2004A079C /* Models */ = {
			isa = PBXGroup;
			children = (
				EFAAAD382BA24F0B004A079C /* AppConfiguration.swift */,
				EF2AD6C12BA25E660055DF65 /* RaceListViewModel.swift */,
				EF2AD6BD2BA25D440055DF65 /* RaceItemViewModel.swift */,
				EF2AD6CC2BA266E80055DF65 /* ActionViewModel.swift */,
				EF2AD6C32BA261E70055DF65 /* ViewState.swift */,
				EF2AD6DC2BA28A1F0055DF65 /* RaceResponse.swift */,
				EF2AD6E32BA2972D0055DF65 /* RaceFilter.swift */,
				EF7F52162BA3CBD600B223EF /* FilterItemViewModel.swift */,
				EF7F52182BA3CC3000B223EF /* FilterListViewModel.swift */,
			);
			path = Models;
			sourceTree = "<group>";
		};
		EFAAAD3E2BA251E7004A079C /* AppDependencies */ = {
			isa = PBXGroup;
			children = (
				EFAAAD412BA252B8004A079C /* AppDependenciesTests.swift */,
				EFAAAD462BA25472004A079C /* DefaultAppDependenciesFactoryTests.swift */,
			);
			path = AppDependencies;
			sourceTree = "<group>";
		};
		EFAAAD3F2BA251F8004A079C /* Models */ = {
			isa = PBXGroup;
			children = (
				EF2AD6DE2BA28F520055DF65 /* RaceResponseTests.swift */,
				EF2329072BA41EAA000A5944 /* ViewStateTests.swift */,
				EF2329092BA41F6B000A5944 /* RaceFilterTests.swift */,
			);
			path = Models;
			sourceTree = "<group>";
		};
		EFAAAD402BA251FF004A079C /* Navigation */ = {
			isa = PBXGroup;
			children = (
				EFAAAD4A2BA25735004A079C /* NavigationControllerFactoryTests.swift */,
			);
			path = Navigation;
			sourceTree = "<group>";
		};
		EFAAAD432BA2532F004A079C /* Mocks */ = {
			isa = PBXGroup;
			children = (
				EF7F52272BA3E54300B223EF /* TestAppRouter.swift */,
				EFAAAD442BA25353004A079C /* TestNavigationController.swift */,
				EFAAAD482BA25670004A079C /* TestNavigationControllerFactory.swift */,
				EF2AD6D82BA2746E0055DF65 /* TestServerSession.swift */,
				EF2AD6EA2BA2A8AE0055DF65 /* TestRaceMapper.swift */,
				EF2AD6EE2BA2AD930055DF65 /* TestNetworkManager.swift */,
				EF2AD6F62BA3ADE50055DF65 /* TestRaceViewControllerFactory.swift */,
				EF2329012BA41822000A5944 /* TestFilterViewControllerFactory.swift */,
				EF96781E2BA4313700C5B5DC /* TestRaceRespository.swift */,
				EF9678242BA50CFE00C5B5DC /* TestTaskFactory.swift */,
			);
			path = Mocks;
			sourceTree = "<group>";
		};
		EFAAAD4C2BA2584A004A079C /* Views */ = {
			isa = PBXGroup;
			children = (
				EF2AD6C52BA262A70055DF65 /* RaceScreen.swift */,
				EF2AD6BF2BA25E480055DF65 /* RaceListView.swift */,
				EFAAAD4D2BA258AB004A079C /* RaceItemView.swift */,
				EF7F521C2BA3CF2B00B223EF /* FilterScreen.swift */,
				EF7F521A2BA3CD9000B223EF /* FilterListView.swift */,
				EF7F52142BA3C92900B223EF /* FilterItemView.swift */,
				EF2AD6CA2BA266C60055DF65 /* ActionView.swift */,
				EFAAAD4F2BA25949004A079C /* Font+System.swift */,
				EF2AD6F02BA2D0BE0055DF65 /* RaceViewControllerFactory.swift */,
				EF7F52202BA3D78000B223EF /* FilterViewControllerFactory.swift */,
				EF2AD6F22BA2D3060055DF65 /* RaceHostingController.swift */,
				EF7F522B2BA3F9BF00B223EF /* CountdownMapper.swift */,
			);
			path = Views;
			sourceTree = "<group>";
		};
		EFABA5F92BA179E800CA5C13 = {
			isa = PBXGroup;
			children = (
				EFF3C9962BA994FF00939018 /* SnapshotTests.xctestplan */,
				EFE9BF562BA90D3300768695 /* UnitTests.xctestplan */,
				EFABA6042BA179E800CA5C13 /* NextToGo */,
				EFABA6162BA179E900CA5C13 /* NextToGoTests */,
				EFF3C98E2BA9949800939018 /* NextToGoSnapshotTests */,
				EFABA6032BA179E800CA5C13 /* Products */,
			);
			sourceTree = "<group>";
		};
		EFABA6032BA179E800CA5C13 /* Products */ = {
			isa = PBXGroup;
			children = (
				EFABA6022BA179E800CA5C13 /* NextToGo.app */,
				EFABA6132BA179E900CA5C13 /* NextToGoTests.xctest */,
				EFF3C98D2BA9949800939018 /* NextToGoSnapshotTests.xctest */,
			);
			name = Products;
			sourceTree = "<group>";
		};
		EFABA6042BA179E800CA5C13 /* NextToGo */ = {
			isa = PBXGroup;
			children = (
				EFABA6312BA17CB400CA5C13 /* AppDelegate.swift */,
				EFAAAD2D2BA1AFE2004A079C /* AppDependencies */,
				EF9678262BA6551C00C5B5DC /* Router */,
				EFAAAD4C2BA2584A004A079C /* Views */,
				EF2AD6C72BA262D40055DF65 /* Presenter */,
				EF2AD6E02BA296890055DF65 /* Repository */,
				EF7F52222BA3D8B100B223EF /* Routing */,
				EFAAAD372BA24EF2004A079C /* Models */,
				EFAAAD322BA1BC40004A079C /* Navigation */,
				EF2AD6CE2BA26BE60055DF65 /* Networking */,
				EFAAAD2B2BA1AF45004A079C /* Configurations */,
				EFABA6302BA17C4100CA5C13 /* SupportFiles */,
				EFABA60C2BA179E900CA5C13 /* Preview Content */,
			);
			path = NextToGo;
			sourceTree = "<group>";
		};
		EFABA60C2BA179E900CA5C13 /* Preview Content */ = {
			isa = PBXGroup;
			children = (
				EFABA60D2BA179E900CA5C13 /* Preview Assets.xcassets */,
			);
			path = "Preview Content";
			sourceTree = "<group>";
		};
		EFABA6162BA179E900CA5C13 /* NextToGoTests */ = {
			isa = PBXGroup;
			children = (
				EFAAAD432BA2532F004A079C /* Mocks */,
				EFAAAD3E2BA251E7004A079C /* AppDependencies */,
				EF2328FE2BA417D7000A5944 /* Routing */,
				EF2328F72BA415A2000A5944 /* Views */,
				EF9678192BA42B3A00C5B5DC /* Presenter */,
				EF2AD6E72BA2A0D10055DF65 /* Repository */,
				EFAAAD3F2BA251F8004A079C /* Models */,
				EFAAAD402BA251FF004A079C /* Navigation */,
				EF2AD6D72BA273EB0055DF65 /* Networking */,
			);
			path = NextToGoTests;
			sourceTree = "<group>";
		};
		EFABA6302BA17C4100CA5C13 /* SupportFiles */ = {
			isa = PBXGroup;
			children = (
				EFABA6092BA179E900CA5C13 /* Assets.xcassets */,
				EFABA60B2BA179E900CA5C13 /* NextToGo.entitlements */,
				EF6D98F02BA188C700C02262 /* LaunchScreen.storyboard */,
			);
			name = SupportFiles;
			sourceTree = "<group>";
		};
		EFF3C98E2BA9949800939018 /* NextToGoSnapshotTests */ = {
			isa = PBXGroup;
			children = (
				EFF3C9A42BAA91D400939018 /* Screens */,
				EFF3C9A62BAA91D400939018 /* Views */,
				EFF3C99C2BAA63F500939018 /* Helper */,
			);
			path = NextToGoSnapshotTests;
			sourceTree = "<group>";
		};
		EFF3C99C2BAA63F500939018 /* Helper */ = {
			isa = PBXGroup;
			children = (
				EFF3C99D2BAA64BD00939018 /* AssertSnapshot.swift */,
			);
			path = Helper;
			sourceTree = "<group>";
		};
		EFF3C9A42BAA91D400939018 /* Screens */ = {
			isa = PBXGroup;
			children = (
				EFF3C9B02BAA94EF00939018 /* FilterScreenTests.swift */,
				EFF3C9B22BAA965600939018 /* RaceScreenTests.swift */,
			);
			path = Screens;
			sourceTree = "<group>";
		};
		EFF3C9A62BAA91D400939018 /* Views */ = {
			isa = PBXGroup;
			children = (
				EFF3C9A52BAA91D400939018 /* ActionViewSnapshotTests.swift */,
				EFF3C9A82BAA91EB00939018 /* FilterItemViewTests.swift */,
				EFF3C9AA2BAA92B200939018 /* FilterListViewTests.swift */,
				EFF3C9AC2BAA934E00939018 /* RaceItemViewTests.swift */,
				EFF3C9AE2BAA942A00939018 /* RaceListViewTests.swift */,
			);
			path = Views;
			sourceTree = "<group>";
		};
/* End PBXGroup section */

/* Begin PBXNativeTarget section */
		EFABA6012BA179E800CA5C13 /* NextToGo */ = {
			isa = PBXNativeTarget;
			buildConfigurationList = EFABA6272BA179E900CA5C13 /* Build configuration list for PBXNativeTarget "NextToGo" */;
			buildPhases = (
				EFABA5FE2BA179E800CA5C13 /* Sources */,
				EFABA5FF2BA179E800CA5C13 /* Frameworks */,
				EFABA6002BA179E800CA5C13 /* Resources */,
			);
			buildRules = (
			);
			dependencies = (
			);
			name = NextToGo;
			productName = NextToGo;
			productReference = EFABA6022BA179E800CA5C13 /* NextToGo.app */;
			productType = "com.apple.product-type.application";
		};
		EFABA6122BA179E900CA5C13 /* NextToGoTests */ = {
			isa = PBXNativeTarget;
			buildConfigurationList = EFABA62A2BA179E900CA5C13 /* Build configuration list for PBXNativeTarget "NextToGoTests" */;
			buildPhases = (
				EFABA60F2BA179E900CA5C13 /* Sources */,
				EFABA6102BA179E900CA5C13 /* Frameworks */,
				EFABA6112BA179E900CA5C13 /* Resources */,
			);
			buildRules = (
			);
			dependencies = (
				EFABA6152BA179E900CA5C13 /* PBXTargetDependency */,
			);
			name = NextToGoTests;
			productName = NextToGoTests;
			productReference = EFABA6132BA179E900CA5C13 /* NextToGoTests.xctest */;
			productType = "com.apple.product-type.bundle.unit-test";
		};
		EFF3C98C2BA9949800939018 /* NextToGoSnapshotTests */ = {
			isa = PBXNativeTarget;
			buildConfigurationList = EFF3C9952BA9949800939018 /* Build configuration list for PBXNativeTarget "NextToGoSnapshotTests" */;
			buildPhases = (
				EFF3C9892BA9949800939018 /* Sources */,
				EFF3C98A2BA9949800939018 /* Frameworks */,
				EFF3C98B2BA9949800939018 /* Resources */,
			);
			buildRules = (
			);
			dependencies = (
				EFF3C9922BA9949800939018 /* PBXTargetDependency */,
			);
			name = NextToGoSnapshotTests;
			packageProductDependencies = (
				EFF3C9A02BAA77DC00939018 /* InlineSnapshotTesting */,
				EFF3C9A22BAA77DC00939018 /* SnapshotTesting */,
			);
			productName = NextToGoSnapshotTests;
			productReference = EFF3C98D2BA9949800939018 /* NextToGoSnapshotTests.xctest */;
			productType = "com.apple.product-type.bundle.unit-test";
		};
/* End PBXNativeTarget section */

/* Begin PBXProject section */
		EFABA5FA2BA179E800CA5C13 /* Project object */ = {
			isa = PBXProject;
			attributes = {
				BuildIndependentTargetsInParallel = 1;
				LastSwiftUpdateCheck = 1530;
				LastUpgradeCheck = 1530;
				TargetAttributes = {
					EFABA6012BA179E800CA5C13 = {
						CreatedOnToolsVersion = 15.3;
					};
					EFABA6122BA179E900CA5C13 = {
						CreatedOnToolsVersion = 15.3;
						LastSwiftMigration = 1530;
						TestTargetID = EFABA6012BA179E800CA5C13;
					};
					EFF3C98C2BA9949800939018 = {
						CreatedOnToolsVersion = 15.3;
						TestTargetID = EFABA6012BA179E800CA5C13;
					};
				};
			};
			buildConfigurationList = EFABA5FD2BA179E800CA5C13 /* Build configuration list for PBXProject "NextToGo" */;
			compatibilityVersion = "Xcode 14.0";
			developmentRegion = en;
			hasScannedForEncodings = 0;
			knownRegions = (
				en,
				Base,
			);
			mainGroup = EFABA5F92BA179E800CA5C13;
			packageReferences = (
				EFF3C99F2BAA77DC00939018 /* XCRemoteSwiftPackageReference "swift-snapshot-testing" */,
			);
			productRefGroup = EFABA6032BA179E800CA5C13 /* Products */;
			projectDirPath = "";
			projectRoot = "";
			targets = (
				EFABA6012BA179E800CA5C13 /* NextToGo */,
				EFABA6122BA179E900CA5C13 /* NextToGoTests */,
				EFF3C98C2BA9949800939018 /* NextToGoSnapshotTests */,
			);
		};
/* End PBXProject section */

/* Begin PBXResourcesBuildPhase section */
		EFABA6002BA179E800CA5C13 /* Resources */ = {
			isa = PBXResourcesBuildPhase;
			buildActionMask = 2147483647;
			files = (
				EF6D98F12BA188C700C02262 /* LaunchScreen.storyboard in Resources */,
				EFABA60E2BA179E900CA5C13 /* Preview Assets.xcassets in Resources */,
				EFABA60A2BA179E900CA5C13 /* Assets.xcassets in Resources */,
			);
			runOnlyForDeploymentPostprocessing = 0;
		};
		EFABA6112BA179E900CA5C13 /* Resources */ = {
			isa = PBXResourcesBuildPhase;
			buildActionMask = 2147483647;
			files = (
			);
			runOnlyForDeploymentPostprocessing = 0;
		};
		EFF3C98B2BA9949800939018 /* Resources */ = {
			isa = PBXResourcesBuildPhase;
			buildActionMask = 2147483647;
			files = (
			);
			runOnlyForDeploymentPostprocessing = 0;
		};
/* End PBXResourcesBuildPhase section */

/* Begin PBXSourcesBuildPhase section */
		EFABA5FE2BA179E800CA5C13 /* Sources */ = {
			isa = PBXSourcesBuildPhase;
			buildActionMask = 2147483647;
			files = (
				EFAAAD362BA1BD39004A079C /* NavigationControllerFactory.swift in Sources */,
				EF7F522C2BA3F9BF00B223EF /* CountdownMapper.swift in Sources */,
				EF2AD6E62BA29ABE0055DF65 /* RaceMapper.swift in Sources */,
				EF7F52192BA3CC3000B223EF /* FilterListViewModel.swift in Sources */,
				EF2AD6E22BA296C10055DF65 /* RaceRespository.swift in Sources */,
				EF2AD6D22BA26D2C0055DF65 /* APIRequest.swift in Sources */,
				EF7F521B2BA3CD9000B223EF /* FilterListView.swift in Sources */,
				EF9678232BA5098800C5B5DC /* TaskFactory.swift in Sources */,
				EF7F52152BA3C92900B223EF /* FilterItemView.swift in Sources */,
				EF2AD6F32BA2D3060055DF65 /* RaceHostingController.swift in Sources */,
				EFAAAD3D2BA25030004A079C /* DefaultAppDependenciesFactory.swift in Sources */,
				EF7F521D2BA3CF2B00B223EF /* FilterScreen.swift in Sources */,
				EF2AD6C42BA261E70055DF65 /* ViewState.swift in Sources */,
				EF7F52212BA3D78000B223EF /* FilterViewControllerFactory.swift in Sources */,
				EFAAAD312BA1B048004A079C /* AppDependencies.swift in Sources */,
				EFAAAD3B2BA24F42004A079C /* AppDependenciesProtocol.swift in Sources */,
				EFAAAD502BA25949004A079C /* Font+System.swift in Sources */,
				EF9678282BA6555700C5B5DC /* AppRouter.swift in Sources */,
				EF2AD6F12BA2D0BE0055DF65 /* RaceViewControllerFactory.swift in Sources */,
				EF2AD6DD2BA28A1F0055DF65 /* RaceResponse.swift in Sources */,
				EF2AD6C62BA262A70055DF65 /* RaceScreen.swift in Sources */,
				EFAAAD2F2BA1B011004A079C /* AppDependenciesFactoryProtocol.swift in Sources */,
				EF2AD6F52BA2D3860055DF65 /* ViewControllerLifecycleDelegate.swift in Sources */,
				EF2AD6C02BA25E480055DF65 /* RaceListView.swift in Sources */,
				EFABA6322BA17CB400CA5C13 /* AppDelegate.swift in Sources */,
				EF7F522A2BA3EB8C00B223EF /* FilterAppliedActionDelegate.swift in Sources */,
				EF2AD6D62BA26EB40055DF65 /* APIError.swift in Sources */,
				EF7F52172BA3CBD600B223EF /* FilterItemViewModel.swift in Sources */,
				EF2AD6C22BA25E660055DF65 /* RaceListViewModel.swift in Sources */,
				EF7F52242BA3D8D200B223EF /* Routing.swift in Sources */,
				EF2AD6D02BA26C810055DF65 /* NetworkManager.swift in Sources */,
				EF2AD6CB2BA266C60055DF65 /* ActionView.swift in Sources */,
				EF2AD6C92BA262EA0055DF65 /* RacePresenter.swift in Sources */,
				EF2AD6BE2BA25D440055DF65 /* RaceItemViewModel.swift in Sources */,
				EFAAAD392BA24F0B004A079C /* AppConfiguration.swift in Sources */,
				EFAAAD4E2BA258AB004A079C /* RaceItemView.swift in Sources */,
				EF2AD6D42BA26E110055DF65 /* ServerSession.swift in Sources */,
				EF2AD6E42BA2972D0055DF65 /* RaceFilter.swift in Sources */,
				EFAAAD342BA1BCA5004A079C /* NavigationControllerProtocol.swift in Sources */,
				EF7F521F2BA3CF5A00B223EF /* FilterPresenter.swift in Sources */,
				EF2AD6CD2BA266E80055DF65 /* ActionViewModel.swift in Sources */,
			);
			runOnlyForDeploymentPostprocessing = 0;
		};
		EFABA60F2BA179E900CA5C13 /* Sources */ = {
			isa = PBXSourcesBuildPhase;
			buildActionMask = 2147483647;
			files = (
				EFAAAD492BA25670004A079C /* TestNavigationControllerFactory.swift in Sources */,
				EF2328FB2BA41727000A5944 /* FilterViewControllerFactoryTests.swift in Sources */,
				EF2AD6D92BA2746E0055DF65 /* TestServerSession.swift in Sources */,
				EF2329082BA41EAA000A5944 /* ViewStateTests.swift in Sources */,
				EF7F52282BA3E54300B223EF /* TestAppRouter.swift in Sources */,
				EF96781D2BA430DD00C5B5DC /* RacePresenterTests.swift in Sources */,
				EF2AD6E92BA2A0EB0055DF65 /* RaceMapperTests.swift in Sources */,
				EF96781B2BA42B6E00C5B5DC /* FilterPresenterTests.swift in Sources */,
				EF2329002BA417E4000A5944 /* AppRouterTests.swift in Sources */,
				EFAAAD472BA25472004A079C /* DefaultAppDependenciesFactoryTests.swift in Sources */,
				EF2328F92BA415C0000A5944 /* RaceViewControllerFactoryTests.swift in Sources */,
				EF2329042BA41CD8000A5944 /* RaceHostingControllerTests.swift in Sources */,
				EF2AD6EF2BA2AD930055DF65 /* TestNetworkManager.swift in Sources */,
				EF2329062BA41DAC000A5944 /* CountdownMapperTests.swift in Sources */,
				EF2AD6ED2BA2AD680055DF65 /* RaceRespositoryTests.swift in Sources */,
				EFAAAD422BA252B8004A079C /* AppDependenciesTests.swift in Sources */,
				EF23290A2BA41F6B000A5944 /* RaceFilterTests.swift in Sources */,
				EF2329022BA41822000A5944 /* TestFilterViewControllerFactory.swift in Sources */,
				EF2AD6DB2BA275750055DF65 /* NetworkManagerTests.swift in Sources */,
				EF9678252BA50CFE00C5B5DC /* TestTaskFactory.swift in Sources */,
				EF2AD6F72BA3ADE50055DF65 /* TestRaceViewControllerFactory.swift in Sources */,
				EFAAAD4B2BA25735004A079C /* NavigationControllerFactoryTests.swift in Sources */,
				EFAAAD452BA25353004A079C /* TestNavigationController.swift in Sources */,
				EF23290C2BA421E8000A5944 /* APIRequestTests.swift in Sources */,
				EF2AD6DF2BA28F520055DF65 /* RaceResponseTests.swift in Sources */,
				EF96781F2BA4313700C5B5DC /* TestRaceRespository.swift in Sources */,
				EF2AD6EB2BA2A8AE0055DF65 /* TestRaceMapper.swift in Sources */,
				EF77CB1C2BA9458600D9372A /* TaskFactoryTests.swift in Sources */,
			);
			runOnlyForDeploymentPostprocessing = 0;
		};
		EFF3C9892BA9949800939018 /* Sources */ = {
			isa = PBXSourcesBuildPhase;
			buildActionMask = 2147483647;
			files = (
				EFF3C9AB2BAA92B200939018 /* FilterListViewTests.swift in Sources */,
				EFF3C99E2BAA64BD00939018 /* AssertSnapshot.swift in Sources */,
				EFF3C9AD2BAA934E00939018 /* RaceItemViewTests.swift in Sources */,
				EFF3C9AF2BAA942A00939018 /* RaceListViewTests.swift in Sources */,
				EFF3C9A72BAA91D400939018 /* ActionViewSnapshotTests.swift in Sources */,
				EFF3C9B12BAA94EF00939018 /* FilterScreenTests.swift in Sources */,
				EFF3C9B32BAA965600939018 /* RaceScreenTests.swift in Sources */,
				EFF3C9A92BAA91EB00939018 /* FilterItemViewTests.swift in Sources */,
			);
			runOnlyForDeploymentPostprocessing = 0;
		};
/* End PBXSourcesBuildPhase section */

/* Begin PBXTargetDependency section */
		EFABA6152BA179E900CA5C13 /* PBXTargetDependency */ = {
			isa = PBXTargetDependency;
			target = EFABA6012BA179E800CA5C13 /* NextToGo */;
			targetProxy = EFABA6142BA179E900CA5C13 /* PBXContainerItemProxy */;
		};
		EFF3C9922BA9949800939018 /* PBXTargetDependency */ = {
			isa = PBXTargetDependency;
			target = EFABA6012BA179E800CA5C13 /* NextToGo */;
			targetProxy = EFF3C9912BA9949800939018 /* PBXContainerItemProxy */;
		};
/* End PBXTargetDependency section */

/* Begin XCBuildConfiguration section */
		EFABA6252BA179E900CA5C13 /* Debug */ = {
			isa = XCBuildConfiguration;
			baseConfigurationReference = EFAAAD2C2BA1AF5D004A079C /* DefaultConfiguration.xcconfig */;
			buildSettings = {
				ALWAYS_SEARCH_USER_PATHS = NO;
				ASSETCATALOG_COMPILER_GENERATE_SWIFT_ASSET_SYMBOL_EXTENSIONS = YES;
				CLANG_ANALYZER_NONNULL = YES;
				CLANG_ANALYZER_NUMBER_OBJECT_CONVERSION = YES_AGGRESSIVE;
				CLANG_CXX_LANGUAGE_STANDARD = "gnu++20";
				CLANG_ENABLE_MODULES = YES;
				CLANG_ENABLE_OBJC_ARC = YES;
				CLANG_ENABLE_OBJC_WEAK = YES;
				CLANG_WARN_BLOCK_CAPTURE_AUTORELEASING = YES;
				CLANG_WARN_BOOL_CONVERSION = YES;
				CLANG_WARN_COMMA = YES;
				CLANG_WARN_CONSTANT_CONVERSION = YES;
				CLANG_WARN_DEPRECATED_OBJC_IMPLEMENTATIONS = YES;
				CLANG_WARN_DIRECT_OBJC_ISA_USAGE = YES_ERROR;
				CLANG_WARN_DOCUMENTATION_COMMENTS = YES;
				CLANG_WARN_EMPTY_BODY = YES;
				CLANG_WARN_ENUM_CONVERSION = YES;
				CLANG_WARN_INFINITE_RECURSION = YES;
				CLANG_WARN_INT_CONVERSION = YES;
				CLANG_WARN_NON_LITERAL_NULL_CONVERSION = YES;
				CLANG_WARN_OBJC_IMPLICIT_RETAIN_SELF = YES;
				CLANG_WARN_OBJC_LITERAL_CONVERSION = YES;
				CLANG_WARN_OBJC_ROOT_CLASS = YES_ERROR;
				CLANG_WARN_QUOTED_INCLUDE_IN_FRAMEWORK_HEADER = YES;
				CLANG_WARN_RANGE_LOOP_ANALYSIS = YES;
				CLANG_WARN_STRICT_PROTOTYPES = YES;
				CLANG_WARN_SUSPICIOUS_MOVE = YES;
				CLANG_WARN_UNGUARDED_AVAILABILITY = YES_AGGRESSIVE;
				CLANG_WARN_UNREACHABLE_CODE = YES;
				CLANG_WARN__DUPLICATE_METHOD_MATCH = YES;
				COPY_PHASE_STRIP = NO;
				DEBUG_INFORMATION_FORMAT = dwarf;
				ENABLE_STRICT_OBJC_MSGSEND = YES;
				ENABLE_TESTABILITY = YES;
				ENABLE_USER_SCRIPT_SANDBOXING = YES;
				GCC_C_LANGUAGE_STANDARD = gnu17;
				GCC_DYNAMIC_NO_PIC = NO;
				GCC_NO_COMMON_BLOCKS = YES;
				GCC_OPTIMIZATION_LEVEL = 0;
				GCC_PREPROCESSOR_DEFINITIONS = (
					"DEBUG=1",
					"$(inherited)",
				);
				GCC_WARN_64_TO_32_BIT_CONVERSION = YES;
				GCC_WARN_ABOUT_RETURN_TYPE = YES_ERROR;
				GCC_WARN_UNDECLARED_SELECTOR = YES;
				GCC_WARN_UNINITIALIZED_AUTOS = YES_AGGRESSIVE;
				GCC_WARN_UNUSED_FUNCTION = YES;
				GCC_WARN_UNUSED_VARIABLE = YES;
				IPHONEOS_DEPLOYMENT_TARGET = 15.0;
				LOCALIZATION_PREFERS_STRING_CATALOGS = YES;
				MTL_ENABLE_DEBUG_INFO = INCLUDE_SOURCE;
				MTL_FAST_MATH = YES;
				ONLY_ACTIVE_ARCH = YES;
				SDKROOT = iphoneos;
				SWIFT_ACTIVE_COMPILATION_CONDITIONS = "DEBUG $(inherited)";
				SWIFT_OPTIMIZATION_LEVEL = "-Onone";
				SWIFT_STRICT_CONCURRENCY = complete;
			};
			name = Debug;
		};
		EFABA6262BA179E900CA5C13 /* Release */ = {
			isa = XCBuildConfiguration;
			baseConfigurationReference = EFAAAD2C2BA1AF5D004A079C /* DefaultConfiguration.xcconfig */;
			buildSettings = {
				ALWAYS_SEARCH_USER_PATHS = NO;
				ASSETCATALOG_COMPILER_GENERATE_SWIFT_ASSET_SYMBOL_EXTENSIONS = YES;
				CLANG_ANALYZER_NONNULL = YES;
				CLANG_ANALYZER_NUMBER_OBJECT_CONVERSION = YES_AGGRESSIVE;
				CLANG_CXX_LANGUAGE_STANDARD = "gnu++20";
				CLANG_ENABLE_MODULES = YES;
				CLANG_ENABLE_OBJC_ARC = YES;
				CLANG_ENABLE_OBJC_WEAK = YES;
				CLANG_WARN_BLOCK_CAPTURE_AUTORELEASING = YES;
				CLANG_WARN_BOOL_CONVERSION = YES;
				CLANG_WARN_COMMA = YES;
				CLANG_WARN_CONSTANT_CONVERSION = YES;
				CLANG_WARN_DEPRECATED_OBJC_IMPLEMENTATIONS = YES;
				CLANG_WARN_DIRECT_OBJC_ISA_USAGE = YES_ERROR;
				CLANG_WARN_DOCUMENTATION_COMMENTS = YES;
				CLANG_WARN_EMPTY_BODY = YES;
				CLANG_WARN_ENUM_CONVERSION = YES;
				CLANG_WARN_INFINITE_RECURSION = YES;
				CLANG_WARN_INT_CONVERSION = YES;
				CLANG_WARN_NON_LITERAL_NULL_CONVERSION = YES;
				CLANG_WARN_OBJC_IMPLICIT_RETAIN_SELF = YES;
				CLANG_WARN_OBJC_LITERAL_CONVERSION = YES;
				CLANG_WARN_OBJC_ROOT_CLASS = YES_ERROR;
				CLANG_WARN_QUOTED_INCLUDE_IN_FRAMEWORK_HEADER = YES;
				CLANG_WARN_RANGE_LOOP_ANALYSIS = YES;
				CLANG_WARN_STRICT_PROTOTYPES = YES;
				CLANG_WARN_SUSPICIOUS_MOVE = YES;
				CLANG_WARN_UNGUARDED_AVAILABILITY = YES_AGGRESSIVE;
				CLANG_WARN_UNREACHABLE_CODE = YES;
				CLANG_WARN__DUPLICATE_METHOD_MATCH = YES;
				COPY_PHASE_STRIP = NO;
				DEBUG_INFORMATION_FORMAT = "dwarf-with-dsym";
				ENABLE_NS_ASSERTIONS = NO;
				ENABLE_STRICT_OBJC_MSGSEND = YES;
				ENABLE_USER_SCRIPT_SANDBOXING = YES;
				GCC_C_LANGUAGE_STANDARD = gnu17;
				GCC_NO_COMMON_BLOCKS = YES;
				GCC_WARN_64_TO_32_BIT_CONVERSION = YES;
				GCC_WARN_ABOUT_RETURN_TYPE = YES_ERROR;
				GCC_WARN_UNDECLARED_SELECTOR = YES;
				GCC_WARN_UNINITIALIZED_AUTOS = YES_AGGRESSIVE;
				GCC_WARN_UNUSED_FUNCTION = YES;
				GCC_WARN_UNUSED_VARIABLE = YES;
				IPHONEOS_DEPLOYMENT_TARGET = 15.0;
				LOCALIZATION_PREFERS_STRING_CATALOGS = YES;
				MTL_ENABLE_DEBUG_INFO = NO;
				MTL_FAST_MATH = YES;
				SDKROOT = iphoneos;
				SWIFT_COMPILATION_MODE = wholemodule;
				SWIFT_STRICT_CONCURRENCY = complete;
			};
			name = Release;
		};
		EFABA6282BA179E900CA5C13 /* Debug */ = {
			isa = XCBuildConfiguration;
			baseConfigurationReference = EFAAAD2C2BA1AF5D004A079C /* DefaultConfiguration.xcconfig */;
			buildSettings = {
				ASSETCATALOG_COMPILER_APPICON_NAME = AppIcon;
				ASSETCATALOG_COMPILER_GLOBAL_ACCENT_COLOR_NAME = AccentColor;
				CODE_SIGN_ENTITLEMENTS = NextToGo/NextToGo.entitlements;
				CODE_SIGN_STYLE = Automatic;
				CURRENT_PROJECT_VERSION = 1;
				DEVELOPMENT_ASSET_PATHS = "\"NextToGo/Preview Content\"";
				ENABLE_PREVIEWS = YES;
				GENERATE_INFOPLIST_FILE = YES;
				INFOPLIST_FILE = NextToGo/Info.plist;
				INFOPLIST_KEY_UIApplicationSupportsIndirectInputEvents = YES;
				"INFOPLIST_KEY_UIApplicationSupportsIndirectInputEvents[sdk=iphoneos*]" = YES;
				"INFOPLIST_KEY_UIApplicationSupportsIndirectInputEvents[sdk=iphonesimulator*]" = YES;
				INFOPLIST_KEY_UILaunchScreen_Generation = YES;
				INFOPLIST_KEY_UILaunchStoryboardName = LaunchScreen.storyboard;
				INFOPLIST_KEY_UIStatusBarStyle = UIStatusBarStyleDefault;
				"INFOPLIST_KEY_UIStatusBarStyle[sdk=iphoneos*]" = UIStatusBarStyleDefault;
				"INFOPLIST_KEY_UIStatusBarStyle[sdk=iphonesimulator*]" = UIStatusBarStyleDefault;
				INFOPLIST_KEY_UISupportedInterfaceOrientations_iPhone = "UIInterfaceOrientationPortrait UIInterfaceOrientationLandscapeLeft UIInterfaceOrientationLandscapeRight";
				IPHONEOS_DEPLOYMENT_TARGET = 15.0;
				LD_RUNPATH_SEARCH_PATHS = "@executable_path/Frameworks";
				"LD_RUNPATH_SEARCH_PATHS[sdk=macosx*]" = "@executable_path/../Frameworks";
				MACOSX_DEPLOYMENT_TARGET = 14.3;
				MARKETING_VERSION = 1.0;
				PRODUCT_BUNDLE_IDENTIFIER = com.alvinh.NextToGo;
				PRODUCT_NAME = "$(TARGET_NAME)";
				SDKROOT = iphoneos;
				SUPPORTED_PLATFORMS = "iphoneos iphonesimulator";
				SUPPORTS_MACCATALYST = NO;
				SUPPORTS_MAC_DESIGNED_FOR_IPHONE_IPAD = NO;
				SUPPORTS_XR_DESIGNED_FOR_IPHONE_IPAD = NO;
				SWIFT_EMIT_LOC_STRINGS = YES;
				SWIFT_STRICT_CONCURRENCY = complete;
				SWIFT_VERSION = 5.0;
				TARGETED_DEVICE_FAMILY = 1;
			};
			name = Debug;
		};
		EFABA6292BA179E900CA5C13 /* Release */ = {
			isa = XCBuildConfiguration;
			baseConfigurationReference = EFAAAD2C2BA1AF5D004A079C /* DefaultConfiguration.xcconfig */;
			buildSettings = {
				ASSETCATALOG_COMPILER_APPICON_NAME = AppIcon;
				ASSETCATALOG_COMPILER_GLOBAL_ACCENT_COLOR_NAME = AccentColor;
				CODE_SIGN_ENTITLEMENTS = NextToGo/NextToGo.entitlements;
				CODE_SIGN_STYLE = Automatic;
				CURRENT_PROJECT_VERSION = 1;
				DEVELOPMENT_ASSET_PATHS = "\"NextToGo/Preview Content\"";
				ENABLE_PREVIEWS = YES;
				GENERATE_INFOPLIST_FILE = YES;
				INFOPLIST_FILE = NextToGo/Info.plist;
				INFOPLIST_KEY_UIApplicationSupportsIndirectInputEvents = YES;
				"INFOPLIST_KEY_UIApplicationSupportsIndirectInputEvents[sdk=iphoneos*]" = YES;
				"INFOPLIST_KEY_UIApplicationSupportsIndirectInputEvents[sdk=iphonesimulator*]" = YES;
				INFOPLIST_KEY_UILaunchScreen_Generation = YES;
				INFOPLIST_KEY_UILaunchStoryboardName = LaunchScreen.storyboard;
				INFOPLIST_KEY_UIStatusBarStyle = UIStatusBarStyleDefault;
				"INFOPLIST_KEY_UIStatusBarStyle[sdk=iphoneos*]" = UIStatusBarStyleDefault;
				"INFOPLIST_KEY_UIStatusBarStyle[sdk=iphonesimulator*]" = UIStatusBarStyleDefault;
				INFOPLIST_KEY_UISupportedInterfaceOrientations_iPhone = "UIInterfaceOrientationPortrait UIInterfaceOrientationLandscapeLeft UIInterfaceOrientationLandscapeRight";
				IPHONEOS_DEPLOYMENT_TARGET = 15.0;
				LD_RUNPATH_SEARCH_PATHS = "@executable_path/Frameworks";
				"LD_RUNPATH_SEARCH_PATHS[sdk=macosx*]" = "@executable_path/../Frameworks";
				MACOSX_DEPLOYMENT_TARGET = 14.3;
				MARKETING_VERSION = 1.0;
				PRODUCT_BUNDLE_IDENTIFIER = com.alvinh.NextToGo;
				PRODUCT_NAME = "$(TARGET_NAME)";
				SDKROOT = iphoneos;
				SUPPORTED_PLATFORMS = "iphoneos iphonesimulator";
				SUPPORTS_MACCATALYST = NO;
				SUPPORTS_MAC_DESIGNED_FOR_IPHONE_IPAD = NO;
				SUPPORTS_XR_DESIGNED_FOR_IPHONE_IPAD = NO;
				SWIFT_EMIT_LOC_STRINGS = YES;
				SWIFT_STRICT_CONCURRENCY = complete;
				SWIFT_VERSION = 5.0;
				TARGETED_DEVICE_FAMILY = 1;
			};
			name = Release;
		};
		EFABA62B2BA179E900CA5C13 /* Debug */ = {
			isa = XCBuildConfiguration;
			baseConfigurationReference = EFAAAD2C2BA1AF5D004A079C /* DefaultConfiguration.xcconfig */;
			buildSettings = {
				ALWAYS_EMBED_SWIFT_STANDARD_LIBRARIES = YES;
				BUNDLE_LOADER = "$(TEST_HOST)";
				CLANG_ENABLE_MODULES = YES;
				CODE_SIGN_STYLE = Automatic;
				CURRENT_PROJECT_VERSION = 1;
				GENERATE_INFOPLIST_FILE = YES;
				IPHONEOS_DEPLOYMENT_TARGET = 15.0;
				MACOSX_DEPLOYMENT_TARGET = 14.3;
				MARKETING_VERSION = 1.0;
				PRODUCT_BUNDLE_IDENTIFIER = com.alvinh.NextToGoTests;
				PRODUCT_NAME = "$(TARGET_NAME)";
				SDKROOT = iphoneos;
				SUPPORTED_PLATFORMS = "iphoneos iphonesimulator";
				SUPPORTS_MACCATALYST = NO;
				SUPPORTS_MAC_DESIGNED_FOR_IPHONE_IPAD = NO;
				SUPPORTS_XR_DESIGNED_FOR_IPHONE_IPAD = NO;
				SWIFT_EMIT_LOC_STRINGS = NO;
				SWIFT_OPTIMIZATION_LEVEL = "-Onone";
				SWIFT_STRICT_CONCURRENCY = complete;
				SWIFT_VERSION = 5.0;
				TARGETED_DEVICE_FAMILY = 1;
				TEST_HOST = "$(BUILT_PRODUCTS_DIR)/NextToGo.app/$(BUNDLE_EXECUTABLE_FOLDER_PATH)/NextToGo";
			};
			name = Debug;
		};
		EFABA62C2BA179E900CA5C13 /* Release */ = {
			isa = XCBuildConfiguration;
			baseConfigurationReference = EFAAAD2C2BA1AF5D004A079C /* DefaultConfiguration.xcconfig */;
			buildSettings = {
				ALWAYS_EMBED_SWIFT_STANDARD_LIBRARIES = YES;
				BUNDLE_LOADER = "$(TEST_HOST)";
				CLANG_ENABLE_MODULES = YES;
				CODE_SIGN_STYLE = Automatic;
				CURRENT_PROJECT_VERSION = 1;
				GENERATE_INFOPLIST_FILE = YES;
				IPHONEOS_DEPLOYMENT_TARGET = 15.0;
				MACOSX_DEPLOYMENT_TARGET = 14.3;
				MARKETING_VERSION = 1.0;
				PRODUCT_BUNDLE_IDENTIFIER = com.alvinh.NextToGoTests;
				PRODUCT_NAME = "$(TARGET_NAME)";
				SDKROOT = iphoneos;
				SUPPORTED_PLATFORMS = "iphoneos iphonesimulator";
				SUPPORTS_MACCATALYST = NO;
				SUPPORTS_MAC_DESIGNED_FOR_IPHONE_IPAD = NO;
				SUPPORTS_XR_DESIGNED_FOR_IPHONE_IPAD = NO;
				SWIFT_EMIT_LOC_STRINGS = NO;
				SWIFT_STRICT_CONCURRENCY = complete;
				SWIFT_VERSION = 5.0;
				TARGETED_DEVICE_FAMILY = 1;
				TEST_HOST = "$(BUILT_PRODUCTS_DIR)/NextToGo.app/$(BUNDLE_EXECUTABLE_FOLDER_PATH)/NextToGo";
			};
			name = Release;
		};
		EFF3C9932BA9949800939018 /* Debug */ = {
			isa = XCBuildConfiguration;
			buildSettings = {
				BUNDLE_LOADER = "$(TEST_HOST)";
				CODE_SIGN_STYLE = Automatic;
				CURRENT_PROJECT_VERSION = 1;
				GENERATE_INFOPLIST_FILE = YES;
				IPHONEOS_DEPLOYMENT_TARGET = 15.0;
				MARKETING_VERSION = 1.0;
				PRODUCT_BUNDLE_IDENTIFIER = com.alvinh.NextToGoSnapshotTests;
				PRODUCT_NAME = "$(TARGET_NAME)";
				SUPPORTED_PLATFORMS = "iphoneos iphonesimulator";
				SUPPORTS_MACCATALYST = NO;
				SUPPORTS_MAC_DESIGNED_FOR_IPHONE_IPAD = NO;
				SUPPORTS_XR_DESIGNED_FOR_IPHONE_IPAD = NO;
				SWIFT_EMIT_LOC_STRINGS = NO;
				SWIFT_VERSION = 5.0;
				TARGETED_DEVICE_FAMILY = 1;
				TEST_HOST = "$(BUILT_PRODUCTS_DIR)/NextToGo.app/$(BUNDLE_EXECUTABLE_FOLDER_PATH)/NextToGo";
			};
			name = Debug;
		};
		EFF3C9942BA9949800939018 /* Release */ = {
			isa = XCBuildConfiguration;
			buildSettings = {
				BUNDLE_LOADER = "$(TEST_HOST)";
				CODE_SIGN_STYLE = Automatic;
				CURRENT_PROJECT_VERSION = 1;
				GENERATE_INFOPLIST_FILE = YES;
				IPHONEOS_DEPLOYMENT_TARGET = 15.0;
				MARKETING_VERSION = 1.0;
				PRODUCT_BUNDLE_IDENTIFIER = com.alvinh.NextToGoSnapshotTests;
				PRODUCT_NAME = "$(TARGET_NAME)";
				SUPPORTED_PLATFORMS = "iphoneos iphonesimulator";
				SUPPORTS_MACCATALYST = NO;
				SUPPORTS_MAC_DESIGNED_FOR_IPHONE_IPAD = NO;
				SUPPORTS_XR_DESIGNED_FOR_IPHONE_IPAD = NO;
				SWIFT_EMIT_LOC_STRINGS = NO;
				SWIFT_VERSION = 5.0;
				TARGETED_DEVICE_FAMILY = 1;
				TEST_HOST = "$(BUILT_PRODUCTS_DIR)/NextToGo.app/$(BUNDLE_EXECUTABLE_FOLDER_PATH)/NextToGo";
				VALIDATE_PRODUCT = YES;
			};
			name = Release;
		};
/* End XCBuildConfiguration section */

/* Begin XCConfigurationList section */
		EFABA5FD2BA179E800CA5C13 /* Build configuration list for PBXProject "NextToGo" */ = {
			isa = XCConfigurationList;
			buildConfigurations = (
				EFABA6252BA179E900CA5C13 /* Debug */,
				EFABA6262BA179E900CA5C13 /* Release */,
			);
			defaultConfigurationIsVisible = 0;
			defaultConfigurationName = Release;
		};
		EFABA6272BA179E900CA5C13 /* Build configuration list for PBXNativeTarget "NextToGo" */ = {
			isa = XCConfigurationList;
			buildConfigurations = (
				EFABA6282BA179E900CA5C13 /* Debug */,
				EFABA6292BA179E900CA5C13 /* Release */,
			);
			defaultConfigurationIsVisible = 0;
			defaultConfigurationName = Release;
		};
		EFABA62A2BA179E900CA5C13 /* Build configuration list for PBXNativeTarget "NextToGoTests" */ = {
			isa = XCConfigurationList;
			buildConfigurations = (
				EFABA62B2BA179E900CA5C13 /* Debug */,
				EFABA62C2BA179E900CA5C13 /* Release */,
			);
			defaultConfigurationIsVisible = 0;
			defaultConfigurationName = Release;
		};
		EFF3C9952BA9949800939018 /* Build configuration list for PBXNativeTarget "NextToGoSnapshotTests" */ = {
			isa = XCConfigurationList;
			buildConfigurations = (
				EFF3C9932BA9949800939018 /* Debug */,
				EFF3C9942BA9949800939018 /* Release */,
			);
			defaultConfigurationIsVisible = 0;
			defaultConfigurationName = Release;
		};
/* End XCConfigurationList section */

/* Begin XCRemoteSwiftPackageReference section */
		EFF3C99F2BAA77DC00939018 /* XCRemoteSwiftPackageReference "swift-snapshot-testing" */ = {
			isa = XCRemoteSwiftPackageReference;
			repositoryURL = "https://github.com/pointfreeco/swift-snapshot-testing";
			requirement = {
				kind = exactVersion;
				version = 1.15.4;
			};
		};
/* End XCRemoteSwiftPackageReference section */

/* Begin XCSwiftPackageProductDependency section */
		EFF3C9A02BAA77DC00939018 /* InlineSnapshotTesting */ = {
			isa = XCSwiftPackageProductDependency;
			package = EFF3C99F2BAA77DC00939018 /* XCRemoteSwiftPackageReference "swift-snapshot-testing" */;
			productName = InlineSnapshotTesting;
		};
		EFF3C9A22BAA77DC00939018 /* SnapshotTesting */ = {
			isa = XCSwiftPackageProductDependency;
			package = EFF3C99F2BAA77DC00939018 /* XCRemoteSwiftPackageReference "swift-snapshot-testing" */;
			productName = SnapshotTesting;
		};
/* End XCSwiftPackageProductDependency section */
	};
	rootObject = EFABA5FA2BA179E800CA5C13 /* Project object */;
}
